
Microsoft Visual Studio Solution File, Format Version 12.00
# Visual Studio Version 17
VisualStudioVersion = 17.5.33516.290
MinimumVisualStudioVersion = 10.0.40219.1
Project("{FAE04EC0-301F-11D3-BF4B-00C04F79EFBC}") = "Docs", "Docs.csproj", "{111B944E-46E2-4167-9234-DE567E0A151E}"
EndProject
Global
	GlobalSection(SolutionConfigurationPlatforms) = preSolution
		Debug|Any CPU = Debug|Any CPU
		Release|Any CPU = Release|Any CPU
	EndGlobalSection
	GlobalSection(ProjectConfigurationPlatforms) = postSolution
		{111B944E-46E2-4167-9234-DE567E0A151E}.Debug|Any CPU.ActiveCfg = Debug|Any CPU
		{111B944E-46E2-4167-9234-DE567E0A151E}.Debug|Any CPU.Build.0 = Debug|Any CPU
		{111B944E-46E2-4167-9234-DE567E0A151E}.Release|Any CPU.ActiveCfg = Release|Any CPU
		{111B944E-46E2-4167-9234-DE567E0A151E}.Release|Any CPU.Build.0 = Release|Any CPU
	EndGlobalSection
	GlobalSection(SolutionProperties) = preSolution
		HideSolutionNode = FALSE
	EndGlobalSection
	GlobalSection(ExtensibilityGlobals) = postSolution
		SolutionGuid = {6A5A93CC-36CD-4C7E-BBC6-A0DD4E6A4B3B}
	EndGlobalSection
EndGlobal
